{
  "name": "tictac",
  "lockfileVersion": 2,
  "requires": true,
  "packages": {
    "": {
      "dependencies": {
        "@fancyapps/ui": "^5.0.14",
        "lightbox2": "^2.11.4"
      }
    },
    "node_modules/@fancyapps/ui": {
      "version": "5.0.14",
      "resolved": "https://registry.npmjs.org/@fancyapps/ui/-/ui-5.0.14.tgz",
      "integrity": "sha512-BITMdmTW9+gEndPC0yiP+2XHN9SmkwY4/kLsyFdaPxowBhw0k5FdVjnhW8EEYjGU3gKSi5m3mE2Y8tfay9m4WQ=="
    },
    "node_modules/lightbox2": {
      "version": "2.11.4",
      "resolved": "https://registry.npmjs.org/lightbox2/-/lightbox2-2.11.4.tgz",
      "integrity": "sha512-Fof7RJFWV3Fe4CWTjpto30h04Led97nRStFNLaUD/VrlEs72r7LF9WMndENYvU2e4o8WboSuy+dmetXSKSnQ2Q=="
    }
  },
  "dependencies": {
    "@fancyapps/ui": {
      "version": "5.0.14",
      "resolved": "https://registry.npmjs.org/@fancyapps/ui/-/ui-5.0.14.tgz",
      "integrity": "sha512-BITMdmTW9+gEndPC0yiP+2XHN9SmkwY4/kLsyFdaPxowBhw0k5FdVjnhW8EEYjGU3gKSi5m3mE2Y8tfay9m4WQ=="
    },
    "lightbox2": {
      "version": "2.11.4",
      "resolved": "https://registry.npmjs.org/lightbox2/-/lightbox2-2.11.4.tgz",
      "integrity": "sha512-Fof7RJFWV3Fe4CWTjpto30h04Led97nRStFNLaUD/VrlEs72r7LF9WMndENYvU2e4o8WboSuy+dmetXSKSnQ2Q=="
    }
  }
}
